
Microsoft Visual Studio Solution File, Format Version 12.00
# Visual Studio Version 17
VisualStudioVersion = 17.2.32516.85
MinimumVisualStudioVersion = 10.0.40219.1
Project("{FAE04EC0-301F-11D3-BF4B-00C04F79EFBC}") = "CalisanInsan", "CalisanInsan.csproj", "{D595C1F4-40A0-43B8-9C20-80AAA277416C}"
EndProject
Global
	GlobalSection(SolutionConfigurationPlatforms) = preSolution
		Debug|Any CPU = Debug|Any CPU
		Release|Any CPU = Release|Any CPU
	EndGlobalSection
	GlobalSection(ProjectConfigurationPlatforms) = postSolution
		{D595C1F4-40A0-43B8-9C20-80AAA277416C}.Debug|Any CPU.ActiveCfg = Debug|Any CPU
		{D595C1F4-40A0-43B8-9C20-80AAA277416C}.Debug|Any CPU.Build.0 = Debug|Any CPU
		{D595C1F4-40A0-43B8-9C20-80AAA277416C}.Release|Any CPU.ActiveCfg = Release|Any CPU
		{D595C1F4-40A0-43B8-9C20-80AAA277416C}.Release|Any CPU.Build.0 = Release|Any CPU
	EndGlobalSection
	GlobalSection(SolutionProperties) = preSolution
		HideSolutionNode = FALSE
	EndGlobalSection
	GlobalSection(ExtensibilityGlobals) = postSolution
		SolutionGuid = {100EB30B-AC1E-47BC-AF33-B0F517DAF5F1}
	EndGlobalSection
EndGlobal
